
Microsoft Visual Studio Solution File, Format Version 12.00
# Visual Studio Version 16
VisualStudioVersion = 16.0.34407.143
MinimumVisualStudioVersion = 10.0.40219.1
Project("{FAE04EC0-301F-11D3-BF4B-00C04F79EFBC}") = "Learningcore", "Learningcore.csproj", "{211C82E0-5D87-47AD-94B4-B12B9382E9FF}"
EndProject
Global
	GlobalSection(SolutionConfigurationPlatforms) = preSolution
		Debug|Any CPU = Debug|Any CPU
		Release|Any CPU = Release|Any CPU
	EndGlobalSection
	GlobalSection(ProjectConfigurationPlatforms) = postSolution
		{211C82E0-5D87-47AD-94B4-B12B9382E9FF}.Debug|Any CPU.ActiveCfg = Debug|Any CPU
		{211C82E0-5D87-47AD-94B4-B12B9382E9FF}.Debug|Any CPU.Build.0 = Debug|Any CPU
		{211C82E0-5D87-47AD-94B4-B12B9382E9FF}.Release|Any CPU.ActiveCfg = Release|Any CPU
		{211C82E0-5D87-47AD-94B4-B12B9382E9FF}.Release|Any CPU.Build.0 = Release|Any CPU
	EndGlobalSection
	GlobalSection(SolutionProperties) = preSolution
		HideSolutionNode = FALSE
	EndGlobalSection
	GlobalSection(ExtensibilityGlobals) = postSolution
		SolutionGuid = {CEE9FADE-6825-4E68-8C59-5E7EAB4C1064}
	EndGlobalSection
EndGlobal
